// !$*UTF8*$!
{
	archiveVersion = 1;
	classes = {
	};
	objectVersion = 52;
	objects = {

/* Begin PBXBuildFile section */
		2202A5A822B4C9690024FCB1 /* DemoAppMiddleware.swift in Sources */ = {isa = PBXBuildFile; fileRef = 2202A5A722B4C9690024FCB1 /* DemoAppMiddleware.swift */; };
		2202A5AA22B4D3400024FCB1 /* DemoAppState.swift in Sources */ = {isa = PBXBuildFile; fileRef = 2202A5A922B4D3400024FCB1 /* DemoAppState.swift */; };
		2202A5BC22B4F1AA0024FCB1 /* ReducerTests.swift in Sources */ = {isa = PBXBuildFile; fileRef = 2202A5BB22B4F1AA0024FCB1 /* ReducerTests.swift */; };
		2202A5C322B5A0430024FCB1 /* ItemsView.swift in Sources */ = {isa = PBXBuildFile; fileRef = 2202A5C222B5A0430024FCB1 /* ItemsView.swift */; };
		223BEFC022AE7CB3009F0C63 /* DemoAppStore.swift in Sources */ = {isa = PBXBuildFile; fileRef = 223BEFBF22AE7CB3009F0C63 /* DemoAppStore.swift */; };
		223E236F22B5ACDF00DB5055 /* ContentView.swift in Sources */ = {isa = PBXBuildFile; fileRef = 223E236E22B5ACDF00DB5055 /* ContentView.swift */; };
		223E237122B5B3EE00DB5055 /* NamesView.swift in Sources */ = {isa = PBXBuildFile; fileRef = 223E237022B5B3EE00DB5055 /* NamesView.swift */; };
		2263FD9722ADAFBC00DAA01E /* AppDelegate.swift in Sources */ = {isa = PBXBuildFile; fileRef = 2263FD9622ADAFBC00DAA01E /* AppDelegate.swift */; };
		2263FD9922ADAFBC00DAA01E /* SceneDelegate.swift in Sources */ = {isa = PBXBuildFile; fileRef = 2263FD9822ADAFBC00DAA01E /* SceneDelegate.swift */; };
		2263FD9D22ADAFBD00DAA01E /* Assets.xcassets in Resources */ = {isa = PBXBuildFile; fileRef = 2263FD9C22ADAFBD00DAA01E /* Assets.xcassets */; };
		2263FDA022ADAFBD00DAA01E /* Preview Assets.xcassets in Resources */ = {isa = PBXBuildFile; fileRef = 2263FD9F22ADAFBD00DAA01E /* Preview Assets.xcassets */; };
		2263FDA322ADAFBD00DAA01E /* LaunchScreen.storyboard in Resources */ = {isa = PBXBuildFile; fileRef = 2263FDA122ADAFBD00DAA01E /* LaunchScreen.storyboard */; };
		2265627622BF05E50030D5AD /* SwiftUI-RowDucks in Frameworks */ = {isa = PBXBuildFile; productRef = 2265627522BF05E50030D5AD /* SwiftUI-RowDucks */; };
		227A005A22AE311B00D1BA44 /* DataReducers.swift in Sources */ = {isa = PBXBuildFile; fileRef = 227A005922AE311B00D1BA44 /* DataReducers.swift */; };
		227A005C22AE312E00D1BA44 /* UIReducer.swift in Sources */ = {isa = PBXBuildFile; fileRef = 227A005B22AE312E00D1BA44 /* UIReducer.swift */; };
		227A005E22AE315000D1BA44 /* DataActions.swift in Sources */ = {isa = PBXBuildFile; fileRef = 227A005D22AE315000D1BA44 /* DataActions.swift */; };
		227A006022AE3A4C00D1BA44 /* UIActions.swift in Sources */ = {isa = PBXBuildFile; fileRef = 227A005F22AE3A4C00D1BA44 /* UIActions.swift */; };
/* End PBXBuildFile section */

/* Begin PBXContainerItemProxy section */
		2202A5B622B4F18B0024FCB1 /* PBXContainerItemProxy */ = {
			isa = PBXContainerItemProxy;
			containerPortal = 2263FD8B22ADAFBC00DAA01E /* Project object */;
			proxyType = 1;
			remoteGlobalIDString = 2263FD9222ADAFBC00DAA01E;
			remoteInfo = "SwiftUI-RowDucks-Example-App";
		};
/* End PBXContainerItemProxy section */

/* Begin PBXFileReference section */
		2202A5A722B4C9690024FCB1 /* DemoAppMiddleware.swift */ = {isa = PBXFileReference; lastKnownFileType = sourcecode.swift; path = DemoAppMiddleware.swift; sourceTree = "<group>"; };
		2202A5A922B4D3400024FCB1 /* DemoAppState.swift */ = {isa = PBXFileReference; lastKnownFileType = sourcecode.swift; path = DemoAppState.swift; sourceTree = "<group>"; };
		2202A5B122B4F18B0024FCB1 /* SwiftUI-RowDucks-Example-AppTests.xctest */ = {isa = PBXFileReference; explicitFileType = wrapper.cfbundle; includeInIndex = 0; path = "SwiftUI-RowDucks-Example-AppTests.xctest"; sourceTree = BUILT_PRODUCTS_DIR; };
		2202A5B522B4F18B0024FCB1 /* Info.plist */ = {isa = PBXFileReference; lastKnownFileType = text.plist.xml; path = Info.plist; sourceTree = "<group>"; };
		2202A5BB22B4F1AA0024FCB1 /* ReducerTests.swift */ = {isa = PBXFileReference; lastKnownFileType = sourcecode.swift; path = ReducerTests.swift; sourceTree = "<group>"; };
		2202A5C222B5A0430024FCB1 /* ItemsView.swift */ = {isa = PBXFileReference; lastKnownFileType = sourcecode.swift; path = ItemsView.swift; sourceTree = "<group>"; };
		2218F91022BF49E200CB3040 /* SwiftUI-RowDucks-Example-App.entitlements */ = {isa = PBXFileReference; lastKnownFileType = text.plist.entitlements; path = "SwiftUI-RowDucks-Example-App.entitlements"; sourceTree = "<group>"; };
		223BEFBF22AE7CB3009F0C63 /* DemoAppStore.swift */ = {isa = PBXFileReference; fileEncoding = 4; lastKnownFileType = sourcecode.swift; path = DemoAppStore.swift; sourceTree = "<group>"; };
		223E236E22B5ACDF00DB5055 /* ContentView.swift */ = {isa = PBXFileReference; fileEncoding = 4; lastKnownFileType = sourcecode.swift; path = ContentView.swift; sourceTree = "<group>"; };
		223E237022B5B3EE00DB5055 /* NamesView.swift */ = {isa = PBXFileReference; lastKnownFileType = sourcecode.swift; path = NamesView.swift; sourceTree = "<group>"; };
		2263FD9322ADAFBC00DAA01E /* SwiftUI-RowDucks-Example-App.app */ = {isa = PBXFileReference; explicitFileType = wrapper.application; includeInIndex = 0; path = "SwiftUI-RowDucks-Example-App.app"; sourceTree = BUILT_PRODUCTS_DIR; };
		2263FD9622ADAFBC00DAA01E /* AppDelegate.swift */ = {isa = PBXFileReference; lastKnownFileType = sourcecode.swift; path = AppDelegate.swift; sourceTree = "<group>"; };
		2263FD9822ADAFBC00DAA01E /* SceneDelegate.swift */ = {isa = PBXFileReference; lastKnownFileType = sourcecode.swift; path = SceneDelegate.swift; sourceTree = "<group>"; };
		2263FD9C22ADAFBD00DAA01E /* Assets.xcassets */ = {isa = PBXFileReference; lastKnownFileType = folder.assetcatalog; path = Assets.xcassets; sourceTree = "<group>"; };
		2263FD9F22ADAFBD00DAA01E /* Preview Assets.xcassets */ = {isa = PBXFileReference; lastKnownFileType = folder.assetcatalog; path = "Preview Assets.xcassets"; sourceTree = "<group>"; };
		2263FDA222ADAFBD00DAA01E /* Base */ = {isa = PBXFileReference; lastKnownFileType = file.storyboard; name = Base; path = Base.lproj/LaunchScreen.storyboard; sourceTree = "<group>"; };
		2263FDA422ADAFBD00DAA01E /* Info.plist */ = {isa = PBXFileReference; lastKnownFileType = text.plist.xml; path = Info.plist; sourceTree = "<group>"; };
		227A005922AE311B00D1BA44 /* DataReducers.swift */ = {isa = PBXFileReference; fileEncoding = 4; lastKnownFileType = sourcecode.swift; path = DataReducers.swift; sourceTree = "<group>"; };
		227A005B22AE312E00D1BA44 /* UIReducer.swift */ = {isa = PBXFileReference; fileEncoding = 4; lastKnownFileType = sourcecode.swift; path = UIReducer.swift; sourceTree = "<group>"; };
		227A005D22AE315000D1BA44 /* DataActions.swift */ = {isa = PBXFileReference; lastKnownFileType = sourcecode.swift; path = DataActions.swift; sourceTree = "<group>"; };
		227A005F22AE3A4C00D1BA44 /* UIActions.swift */ = {isa = PBXFileReference; lastKnownFileType = sourcecode.swift; path = UIActions.swift; sourceTree = "<group>"; };
/* End PBXFileReference section */

/* Begin PBXFrameworksBuildPhase section */
		2202A5AE22B4F18B0024FCB1 /* Frameworks */ = {
			isa = PBXFrameworksBuildPhase;
			buildActionMask = 2147483647;
			files = (
			);
			runOnlyForDeploymentPostprocessing = 0;
		};
		2263FD9022ADAFBC00DAA01E /* Frameworks */ = {
			isa = PBXFrameworksBuildPhase;
			buildActionMask = 2147483647;
			files = (
				2265627622BF05E50030D5AD /* SwiftUI-RowDucks in Frameworks */,
			);
			runOnlyForDeploymentPostprocessing = 0;
		};
/* End PBXFrameworksBuildPhase section */

/* Begin PBXGroup section */
		2202A5B222B4F18B0024FCB1 /* SwiftUI-RowDucks-Example-AppTests */ = {
			isa = PBXGroup;
			children = (
				2202A5B522B4F18B0024FCB1 /* Info.plist */,
				2202A5BB22B4F1AA0024FCB1 /* ReducerTests.swift */,
			);
			path = "SwiftUI-RowDucks-Example-AppTests";
			sourceTree = "<group>";
		};
		2202A5BD22B4FCBA0024FCB1 /* Views */ = {
			isa = PBXGroup;
			children = (
				223E236E22B5ACDF00DB5055 /* ContentView.swift */,
				223E237022B5B3EE00DB5055 /* NamesView.swift */,
				2202A5C222B5A0430024FCB1 /* ItemsView.swift */,
			);
			path = Views;
			sourceTree = "<group>";
		};
		2263FD8A22ADAFBC00DAA01E = {
			isa = PBXGroup;
			children = (
				2263FD9522ADAFBC00DAA01E /* SwiftUI-RowDucks-Example-App */,
				2202A5B222B4F18B0024FCB1 /* SwiftUI-RowDucks-Example-AppTests */,
				2263FD9422ADAFBC00DAA01E /* Products */,
			);
			sourceTree = "<group>";
		};
		2263FD9422ADAFBC00DAA01E /* Products */ = {
			isa = PBXGroup;
			children = (
				2263FD9322ADAFBC00DAA01E /* SwiftUI-RowDucks-Example-App.app */,
				2202A5B122B4F18B0024FCB1 /* SwiftUI-RowDucks-Example-AppTests.xctest */,
			);
			name = Products;
			sourceTree = "<group>";
		};
		2263FD9522ADAFBC00DAA01E /* SwiftUI-RowDucks-Example-App */ = {
			isa = PBXGroup;
			children = (
				2218F91022BF49E200CB3040 /* SwiftUI-RowDucks-Example-App.entitlements */,
				2202A5BD22B4FCBA0024FCB1 /* Views */,
				227A005622AE30A700D1BA44 /* Store */,
				227A005022AE309900D1BA44 /* Data */,
				227A005222AE309900D1BA44 /* UI */,
				2263FD9622ADAFBC00DAA01E /* AppDelegate.swift */,
				2263FD9822ADAFBC00DAA01E /* SceneDelegate.swift */,
				2263FD9C22ADAFBD00DAA01E /* Assets.xcassets */,
				2263FDA122ADAFBD00DAA01E /* LaunchScreen.storyboard */,
				2263FDA422ADAFBD00DAA01E /* Info.plist */,
				2263FD9E22ADAFBD00DAA01E /* Preview Content */,
			);
			path = "SwiftUI-RowDucks-Example-App";
			sourceTree = "<group>";
		};
		2263FD9E22ADAFBD00DAA01E /* Preview Content */ = {
			isa = PBXGroup;
			children = (
				2263FD9F22ADAFBD00DAA01E /* Preview Assets.xcassets */,
			);
			path = "Preview Content";
			sourceTree = "<group>";
		};
		227A005022AE309900D1BA44 /* Data */ = {
			isa = PBXGroup;
			children = (
				227A005922AE311B00D1BA44 /* DataReducers.swift */,
				227A005D22AE315000D1BA44 /* DataActions.swift */,
			);
			path = Data;
			sourceTree = "<group>";
		};
		227A005222AE309900D1BA44 /* UI */ = {
			isa = PBXGroup;
			children = (
				227A005B22AE312E00D1BA44 /* UIReducer.swift */,
				227A005F22AE3A4C00D1BA44 /* UIActions.swift */,
			);
			path = UI;
			sourceTree = "<group>";
		};
		227A005622AE30A700D1BA44 /* Store */ = {
			isa = PBXGroup;
			children = (
				223BEFBF22AE7CB3009F0C63 /* DemoAppStore.swift */,
				2202A5A722B4C9690024FCB1 /* DemoAppMiddleware.swift */,
				2202A5A922B4D3400024FCB1 /* DemoAppState.swift */,
			);
			path = Store;
			sourceTree = "<group>";
		};
/* End PBXGroup section */

/* Begin PBXNativeTarget section */
		2202A5B022B4F18B0024FCB1 /* SwiftUI-RowDucks-Example-AppTests */ = {
			isa = PBXNativeTarget;
			buildConfigurationList = 2202A5B822B4F18B0024FCB1 /* Build configuration list for PBXNativeTarget "SwiftUI-RowDucks-Example-AppTests" */;
			buildPhases = (
				2202A5AD22B4F18B0024FCB1 /* Sources */,
				2202A5AE22B4F18B0024FCB1 /* Frameworks */,
				2202A5AF22B4F18B0024FCB1 /* Resources */,
			);
			buildRules = (
			);
			dependencies = (
				2202A5B722B4F18B0024FCB1 /* PBXTargetDependency */,
			);
			name = "SwiftUI-RowDucks-Example-AppTests";
			productName = "SwiftUI-RowDucks-Example-AppTests";
			productReference = 2202A5B122B4F18B0024FCB1 /* SwiftUI-RowDucks-Example-AppTests.xctest */;
			productType = "com.apple.product-type.bundle.unit-test";
		};
		2263FD9222ADAFBC00DAA01E /* SwiftUI-RowDucks-Example-App */ = {
			isa = PBXNativeTarget;
			buildConfigurationList = 2263FDB222ADAFBD00DAA01E /* Build configuration list for PBXNativeTarget "SwiftUI-RowDucks-Example-App" */;
			buildPhases = (
				2263FD8F22ADAFBC00DAA01E /* Sources */,
				2263FD9022ADAFBC00DAA01E /* Frameworks */,
				2263FD9122ADAFBC00DAA01E /* Resources */,
			);
			buildRules = (
			);
			dependencies = (
			);
			name = "SwiftUI-RowDucks-Example-App";
			packageProductDependencies = (
				2265627522BF05E50030D5AD /* SwiftUI-RowDucks */,
			);
			productName = "SwiftUI-RowDucks-Example-App";
			productReference = 2263FD9322ADAFBC00DAA01E /* SwiftUI-RowDucks-Example-App.app */;
			productType = "com.apple.product-type.application";
		};
/* End PBXNativeTarget section */

/* Begin PBXProject section */
		2263FD8B22ADAFBC00DAA01E /* Project object */ = {
			isa = PBXProject;
			attributes = {
				LastSwiftUpdateCheck = 1100;
				LastUpgradeCheck = 1100;
				ORGANIZATIONNAME = "Tim Sawtell";
				TargetAttributes = {
					2202A5B022B4F18B0024FCB1 = {
						CreatedOnToolsVersion = 11.0;
						TestTargetID = 2263FD9222ADAFBC00DAA01E;
					};
					2263FD9222ADAFBC00DAA01E = {
						CreatedOnToolsVersion = 11.0;
					};
				};
			};
			buildConfigurationList = 2263FD8E22ADAFBC00DAA01E /* Build configuration list for PBXProject "SwiftUI-RowDucks-Example-App" */;
			compatibilityVersion = "Xcode 9.3";
			developmentRegion = en;
			hasScannedForEncodings = 0;
			knownRegions = (
				en,
				Base,
			);
			mainGroup = 2263FD8A22ADAFBC00DAA01E;
			packageReferences = (
				2265627422BF05E50030D5AD /* XCRemoteSwiftPackageReference "swiftui-rowducks" */,
			);
			productRefGroup = 2263FD9422ADAFBC00DAA01E /* Products */;
			projectDirPath = "";
			projectRoot = "";
			targets = (
				2263FD9222ADAFBC00DAA01E /* SwiftUI-RowDucks-Example-App */,
				2202A5B022B4F18B0024FCB1 /* SwiftUI-RowDucks-Example-AppTests */,
			);
		};
/* End PBXProject section */

/* Begin PBXResourcesBuildPhase section */
		2202A5AF22B4F18B0024FCB1 /* Resources */ = {
			isa = PBXResourcesBuildPhase;
			buildActionMask = 2147483647;
			files = (
			);
			runOnlyForDeploymentPostprocessing = 0;
		};
		2263FD9122ADAFBC00DAA01E /* Resources */ = {
			isa = PBXResourcesBuildPhase;
			buildActionMask = 2147483647;
			files = (
				2263FDA322ADAFBD00DAA01E /* LaunchScreen.storyboard in Resources */,
				2263FDA022ADAFBD00DAA01E /* Preview Assets.xcassets in Resources */,
				2263FD9D22ADAFBD00DAA01E /* Assets.xcassets in Resources */,
			);
			runOnlyForDeploymentPostprocessing = 0;
		};
/* End PBXResourcesBuildPhase section */

/* Begin PBXSourcesBuildPhase section */
		2202A5AD22B4F18B0024FCB1 /* Sources */ = {
			isa = PBXSourcesBuildPhase;
			buildActionMask = 2147483647;
			files = (
				2202A5BC22B4F1AA0024FCB1 /* ReducerTests.swift in Sources */,
			);
			runOnlyForDeploymentPostprocessing = 0;
		};
		2263FD8F22ADAFBC00DAA01E /* Sources */ = {
			isa = PBXSourcesBuildPhase;
			buildActionMask = 2147483647;
			files = (
				227A005A22AE311B00D1BA44 /* DataReducers.swift in Sources */,
				227A006022AE3A4C00D1BA44 /* UIActions.swift in Sources */,
				223BEFC022AE7CB3009F0C63 /* DemoAppStore.swift in Sources */,
				2263FD9722ADAFBC00DAA01E /* AppDelegate.swift in Sources */,
				2202A5AA22B4D3400024FCB1 /* DemoAppState.swift in Sources */,
				2202A5A822B4C9690024FCB1 /* DemoAppMiddleware.swift in Sources */,
				227A005C22AE312E00D1BA44 /* UIReducer.swift in Sources */,
				2202A5C322B5A0430024FCB1 /* ItemsView.swift in Sources */,
				2263FD9922ADAFBC00DAA01E /* SceneDelegate.swift in Sources */,
				223E236F22B5ACDF00DB5055 /* ContentView.swift in Sources */,
				223E237122B5B3EE00DB5055 /* NamesView.swift in Sources */,
				227A005E22AE315000D1BA44 /* DataActions.swift in Sources */,
			);
			runOnlyForDeploymentPostprocessing = 0;
		};
/* End PBXSourcesBuildPhase section */

/* Begin PBXTargetDependency section */
		2202A5B722B4F18B0024FCB1 /* PBXTargetDependency */ = {
			isa = PBXTargetDependency;
			target = 2263FD9222ADAFBC00DAA01E /* SwiftUI-RowDucks-Example-App */;
			targetProxy = 2202A5B622B4F18B0024FCB1 /* PBXContainerItemProxy */;
		};
/* End PBXTargetDependency section */

/* Begin PBXVariantGroup section */
		2263FDA122ADAFBD00DAA01E /* LaunchScreen.storyboard */ = {
			isa = PBXVariantGroup;
			children = (
				2263FDA222ADAFBD00DAA01E /* Base */,
			);
			name = LaunchScreen.storyboard;
			sourceTree = "<group>";
		};
/* End PBXVariantGroup section */

/* Begin XCBuildConfiguration section */
		2202A5B922B4F18B0024FCB1 /* Debug */ = {
			isa = XCBuildConfiguration;
			buildSettings = {
				BUNDLE_LOADER = "$(TEST_HOST)";
				CODE_SIGN_STYLE = Automatic;
				DEVELOPMENT_TEAM = AWZL5B4CHT;
				INFOPLIST_FILE = "SwiftUI-RowDucks-Example-AppTests/Info.plist";
				LD_RUNPATH_SEARCH_PATHS = (
					"$(inherited)",
					"@executable_path/Frameworks",
					"@loader_path/Frameworks",
				);
				PRODUCT_BUNDLE_IDENTIFIER = "au.com.timsawtell.swifuirowducks-example-app.SwiftUI-RowDucks-Example-AppTests";
				PRODUCT_NAME = "$(TARGET_NAME)";
				SWIFT_VERSION = 5.0;
				TARGETED_DEVICE_FAMILY = "1,2";
				TEST_HOST = "$(BUILT_PRODUCTS_DIR)/SwiftUI-RowDucks-Example-App.app/SwiftUI-RowDucks-Example-App";
			};
			name = Debug;
		};
		2202A5BA22B4F18B0024FCB1 /* Release */ = {
			isa = XCBuildConfiguration;
			buildSettings = {
				BUNDLE_LOADER = "$(TEST_HOST)";
				CODE_SIGN_STYLE = Automatic;
				DEVELOPMENT_TEAM = AWZL5B4CHT;
				INFOPLIST_FILE = "SwiftUI-RowDucks-Example-AppTests/Info.plist";
				LD_RUNPATH_SEARCH_PATHS = (
					"$(inherited)",
					"@executable_path/Frameworks",
					"@loader_path/Frameworks",
				);
				PRODUCT_BUNDLE_IDENTIFIER = "au.com.timsawtell.swifuirowducks-example-app.SwiftUI-RowDucks-Example-AppTests";
				PRODUCT_NAME = "$(TARGET_NAME)";
				SWIFT_VERSION = 5.0;
				TARGETED_DEVICE_FAMILY = "1,2";
				TEST_HOST = "$(BUILT_PRODUCTS_DIR)/SwiftUI-RowDucks-Example-App.app/SwiftUI-RowDucks-Example-App";
			};
			name = Release;
		};
		2263FDB022ADAFBD00DAA01E /* Debug */ = {
			isa = XCBuildConfiguration;
			buildSettings = {
				ALWAYS_SEARCH_USER_PATHS = NO;
				CLANG_ANALYZER_NONNULL = YES;
				CLANG_ANALYZER_NUMBER_OBJECT_CONVERSION = YES_AGGRESSIVE;
				CLANG_CXX_LANGUAGE_STANDARD = "gnu++14";
				CLANG_CXX_LIBRARY = "libc++";
				CLANG_ENABLE_MODULES = YES;
				CLANG_ENABLE_OBJC_ARC = YES;
				CLANG_ENABLE_OBJC_WEAK = YES;
				CLANG_WARN_BLOCK_CAPTURE_AUTORELEASING = YES;
				CLANG_WARN_BOOL_CONVERSION = YES;
				CLANG_WARN_COMMA = YES;
				CLANG_WARN_CONSTANT_CONVERSION = YES;
				CLANG_WARN_DEPRECATED_OBJC_IMPLEMENTATIONS = YES;
				CLANG_WARN_DIRECT_OBJC_ISA_USAGE = YES_ERROR;
				CLANG_WARN_DOCUMENTATION_COMMENTS = YES;
				CLANG_WARN_EMPTY_BODY = YES;
				CLANG_WARN_ENUM_CONVERSION = YES;
				CLANG_WARN_INFINITE_RECURSION = YES;
				CLANG_WARN_INT_CONVERSION = YES;
				CLANG_WARN_NON_LITERAL_NULL_CONVERSION = YES;
				CLANG_WARN_OBJC_IMPLICIT_RETAIN_SELF = YES;
				CLANG_WARN_OBJC_LITERAL_CONVERSION = YES;
				CLANG_WARN_OBJC_ROOT_CLASS = YES_ERROR;
				CLANG_WARN_RANGE_LOOP_ANALYSIS = YES;
				CLANG_WARN_STRICT_PROTOTYPES = YES;
				CLANG_WARN_SUSPICIOUS_MOVE = YES;
				CLANG_WARN_UNGUARDED_AVAILABILITY = YES_AGGRESSIVE;
				CLANG_WARN_UNREACHABLE_CODE = YES;
				CLANG_WARN__DUPLICATE_METHOD_MATCH = YES;
				COPY_PHASE_STRIP = NO;
				DEBUG_INFORMATION_FORMAT = dwarf;
				ENABLE_STRICT_OBJC_MSGSEND = YES;
				ENABLE_TESTABILITY = YES;
				GCC_C_LANGUAGE_STANDARD = gnu11;
				GCC_DYNAMIC_NO_PIC = NO;
				GCC_NO_COMMON_BLOCKS = YES;
				GCC_OPTIMIZATION_LEVEL = 0;
				GCC_PREPROCESSOR_DEFINITIONS = (
					"DEBUG=1",
					"$(inherited)",
				);
				GCC_WARN_64_TO_32_BIT_CONVERSION = YES;
				GCC_WARN_ABOUT_RETURN_TYPE = YES_ERROR;
				GCC_WARN_UNDECLARED_SELECTOR = YES;
				GCC_WARN_UNINITIALIZED_AUTOS = YES_AGGRESSIVE;
				GCC_WARN_UNUSED_FUNCTION = YES;
				GCC_WARN_UNUSED_VARIABLE = YES;
				IPHONEOS_DEPLOYMENT_TARGET = 13.0;
				MTL_ENABLE_DEBUG_INFO = INCLUDE_SOURCE;
				MTL_FAST_MATH = YES;
				ONLY_ACTIVE_ARCH = YES;
				SDKROOT = iphoneos;
				SWIFT_ACTIVE_COMPILATION_CONDITIONS = DEBUG;
				SWIFT_OPTIMIZATION_LEVEL = "-Onone";
			};
			name = Debug;
		};
		2263FDB122ADAFBD00DAA01E /* Release */ = {
			isa = XCBuildConfiguration;
			buildSettings = {
				ALWAYS_SEARCH_USER_PATHS = NO;
				CLANG_ANALYZER_NONNULL = YES;
				CLANG_ANALYZER_NUMBER_OBJECT_CONVERSION = YES_AGGRESSIVE;
				CLANG_CXX_LANGUAGE_STANDARD = "gnu++14";
				CLANG_CXX_LIBRARY = "libc++";
				CLANG_ENABLE_MODULES = YES;
				CLANG_ENABLE_OBJC_ARC = YES;
				CLANG_ENABLE_OBJC_WEAK = YES;
				CLANG_WARN_BLOCK_CAPTURE_AUTORELEASING = YES;
				CLANG_WARN_BOOL_CONVERSION = YES;
				CLANG_WARN_COMMA = YES;
				CLANG_WARN_CONSTANT_CONVERSION = YES;
				CLANG_WARN_DEPRECATED_OBJC_IMPLEMENTATIONS = YES;
				CLANG_WARN_DIRECT_OBJC_ISA_USAGE = YES_ERROR;
				CLANG_WARN_DOCUMENTATION_COMMENTS = YES;
				CLANG_WARN_EMPTY_BODY = YES;
				CLANG_WARN_ENUM_CONVERSION = YES;
				CLANG_WARN_INFINITE_RECURSION = YES;
				CLANG_WARN_INT_CONVERSION = YES;
				CLANG_WARN_NON_LITERAL_NULL_CONVERSION = YES;
				CLANG_WARN_OBJC_IMPLICIT_RETAIN_SELF = YES;
				CLANG_WARN_OBJC_LITERAL_CONVERSION = YES;
				CLANG_WARN_OBJC_ROOT_CLASS = YES_ERROR;
				CLANG_WARN_RANGE_LOOP_ANALYSIS = YES;
				CLANG_WARN_STRICT_PROTOTYPES = YES;
				CLANG_WARN_SUSPICIOUS_MOVE = YES;
				CLANG_WARN_UNGUARDED_AVAILABILITY = YES_AGGRESSIVE;
				CLANG_WARN_UNREACHABLE_CODE = YES;
				CLANG_WARN__DUPLICATE_METHOD_MATCH = YES;
				COPY_PHASE_STRIP = NO;
				DEBUG_INFORMATION_FORMAT = "dwarf-with-dsym";
				ENABLE_NS_ASSERTIONS = NO;
				ENABLE_STRICT_OBJC_MSGSEND = YES;
				GCC_C_LANGUAGE_STANDARD = gnu11;
				GCC_NO_COMMON_BLOCKS = YES;
				GCC_WARN_64_TO_32_BIT_CONVERSION = YES;
				GCC_WARN_ABOUT_RETURN_TYPE = YES_ERROR;
				GCC_WARN_UNDECLARED_SELECTOR = YES;
				GCC_WARN_UNINITIALIZED_AUTOS = YES_AGGRESSIVE;
				GCC_WARN_UNUSED_FUNCTION = YES;
				GCC_WARN_UNUSED_VARIABLE = YES;
				IPHONEOS_DEPLOYMENT_TARGET = 13.0;
				MTL_ENABLE_DEBUG_INFO = NO;
				MTL_FAST_MATH = YES;
				SDKROOT = iphoneos;
				SWIFT_COMPILATION_MODE = wholemodule;
				SWIFT_OPTIMIZATION_LEVEL = "-O";
				VALIDATE_PRODUCT = YES;
			};
			name = Release;
		};
		2263FDB322ADAFBD00DAA01E /* Debug */ = {
			isa = XCBuildConfiguration;
			buildSettings = {
				ASSETCATALOG_COMPILER_APPICON_NAME = AppIcon;
				CODE_SIGN_ENTITLEMENTS = "SwiftUI-RowDucks-Example-App/SwiftUI-RowDucks-Example-App.entitlements";
				CODE_SIGN_STYLE = Automatic;
				DERIVE_UIKITFORMAC_PRODUCT_BUNDLE_IDENTIFIER = YES;
				DEVELOPMENT_ASSET_PATHS = "SwiftUI-RowDucks-Example-App/Preview\\ Content";
				DEVELOPMENT_TEAM = D28ZTC888T;
				ENABLE_PREVIEWS = YES;
				INFOPLIST_FILE = "SwiftUI-RowDucks-Example-App/Info.plist";
				LD_RUNPATH_SEARCH_PATHS = (
					"$(inherited)",
					"@executable_path/Frameworks",
				);
				PRODUCT_BUNDLE_IDENTIFIER = "au.com.timsawtell.swifuirowducks-example-app.SwiftUI-RowDucks-Example-App";
				PRODUCT_NAME = "$(TARGET_NAME)";
				SUPPORTS_UIKITFORMAC = YES;
				SWIFT_VERSION = 5.0;
				TARGETED_DEVICE_FAMILY = "1,2";
			};
			name = Debug;
		};
		2263FDB422ADAFBD00DAA01E /* Release */ = {
			isa = XCBuildConfiguration;
			buildSettings = {
				ASSETCATALOG_COMPILER_APPICON_NAME = AppIcon;
				CODE_SIGN_ENTITLEMENTS = "SwiftUI-RowDucks-Example-App/SwiftUI-RowDucks-Example-App.entitlements";
				CODE_SIGN_STYLE = Automatic;
				DERIVE_UIKITFORMAC_PRODUCT_BUNDLE_IDENTIFIER = YES;
				DEVELOPMENT_ASSET_PATHS = "SwiftUI-RowDucks-Example-App/Preview\\ Content";
				DEVELOPMENT_TEAM = D28ZTC888T;
				ENABLE_PREVIEWS = YES;
				INFOPLIST_FILE = "SwiftUI-RowDucks-Example-App/Info.plist";
				LD_RUNPATH_SEARCH_PATHS = (
					"$(inherited)",
					"@executable_path/Frameworks",
				);
				PRODUCT_BUNDLE_IDENTIFIER = "au.com.timsawtell.swifuirowducks-example-app.SwiftUI-RowDucks-Example-App";
				PRODUCT_NAME = "$(TARGET_NAME)";
				SUPPORTS_UIKITFORMAC = YES;
				SWIFT_VERSION = 5.0;
				TARGETED_DEVICE_FAMILY = "1,2";
			};
			name = Release;
		};
/* End XCBuildConfiguration section */

/* Begin XCConfigurationList section */
		2202A5B822B4F18B0024FCB1 /* Build configuration list for PBXNativeTarget "SwiftUI-RowDucks-Example-AppTests" */ = {
			isa = XCConfigurationList;
			buildConfigurations = (
				2202A5B922B4F18B0024FCB1 /* Debug */,
				2202A5BA22B4F18B0024FCB1 /* Release */,
			);
			defaultConfigurationIsVisible = 0;
			defaultConfigurationName = Release;
		};
		2263FD8E22ADAFBC00DAA01E /* Build configuration list for PBXProject "SwiftUI-RowDucks-Example-App" */ = {
			isa = XCConfigurationList;
			buildConfigurations = (
				2263FDB022ADAFBD00DAA01E /* Debug */,
				2263FDB122ADAFBD00DAA01E /* Release */,
			);
			defaultConfigurationIsVisible = 0;
			defaultConfigurationName = Release;
		};
		2263FDB222ADAFBD00DAA01E /* Build configuration list for PBXNativeTarget "SwiftUI-RowDucks-Example-App" */ = {
			isa = XCConfigurationList;
			buildConfigurations = (
				2263FDB322ADAFBD00DAA01E /* Debug */,
				2263FDB422ADAFBD00DAA01E /* Release */,
			);
			defaultConfigurationIsVisible = 0;
			defaultConfigurationName = Release;
		};
/* End XCConfigurationList section */

/* Begin XCRemoteSwiftPackageReference section */
		2265627422BF05E50030D5AD /* XCRemoteSwiftPackageReference "swiftui-rowducks" */ = {
			isa = XCRemoteSwiftPackageReference;
			repositoryURL = "https://github.com/timsawtell/swiftui-rowducks.git";
			requirement = {
				kind = upToNextMajorVersion;
				minimumVersion = 0.0.1;
			};
		};
/* End XCRemoteSwiftPackageReference section */

/* Begin XCSwiftPackageProductDependency section */
		2265627522BF05E50030D5AD /* SwiftUI-RowDucks */ = {
			isa = XCSwiftPackageProductDependency;
			package = 2265627422BF05E50030D5AD /* XCRemoteSwiftPackageReference "swiftui-rowducks" */;
			productName = "SwiftUI-RowDucks";
		};
/* End XCSwiftPackageProductDependency section */
	};
	rootObject = 2263FD8B22ADAFBC00DAA01E /* Project object */;
}
